
Microsoft Visual Studio Solution File, Format Version 11.00
# Visual Studio 2010
Project("{FAE04EC0-301F-11D3-BF4B-00C04F79EFBC}") = "updateCliente", "updateCliente\updateCliente.csproj", "{4CBA3F68-FBAD-48A8-95A8-41E4AC1F8F1E}"
EndProject
Project("{FAE04EC0-301F-11D3-BF4B-00C04F79EFBC}") = "TestUpdate", "TestUpdate\TestUpdate.csproj", "{9125C721-E033-4CAC-8835-0D167A8357C0}"
	ProjectSection(ProjectDependencies) = postProject
		{4CBA3F68-FBAD-48A8-95A8-41E4AC1F8F1E} = {4CBA3F68-FBAD-48A8-95A8-41E4AC1F8F1E}
	EndProjectSection
EndProject
Project("{2150E333-8FDC-42A3-9474-1A3956D46DE8}") = "Solution Items", "Solution Items", "{60E8EED8-753E-44E8-94B4-A6A00A67643A}"
	ProjectSection(SolutionItems) = preProject
		Local.testsettings = Local.testsettings
		TraceAndTestImpact.testsettings = TraceAndTestImpact.testsettings
		updateCliente.vsmdi = updateCliente.vsmdi
	EndProjectSection
EndProject
Global
	GlobalSection(TestCaseManagementSettings) = postSolution
		CategoryFile = updateCliente.vsmdi
	EndGlobalSection
	GlobalSection(SolutionConfigurationPlatforms) = preSolution
		Debug|Any CPU = Debug|Any CPU
		Release|Any CPU = Release|Any CPU
	EndGlobalSection
	GlobalSection(ProjectConfigurationPlatforms) = postSolution
		{4CBA3F68-FBAD-48A8-95A8-41E4AC1F8F1E}.Debug|Any CPU.ActiveCfg = Debug|Any CPU
		{4CBA3F68-FBAD-48A8-95A8-41E4AC1F8F1E}.Debug|Any CPU.Build.0 = Debug|Any CPU
		{4CBA3F68-FBAD-48A8-95A8-41E4AC1F8F1E}.Release|Any CPU.ActiveCfg = Release|Any CPU
		{4CBA3F68-FBAD-48A8-95A8-41E4AC1F8F1E}.Release|Any CPU.Build.0 = Release|Any CPU
		{9125C721-E033-4CAC-8835-0D167A8357C0}.Debug|Any CPU.ActiveCfg = Debug|Any CPU
		{9125C721-E033-4CAC-8835-0D167A8357C0}.Debug|Any CPU.Build.0 = Debug|Any CPU
		{9125C721-E033-4CAC-8835-0D167A8357C0}.Release|Any CPU.ActiveCfg = Release|Any CPU
		{9125C721-E033-4CAC-8835-0D167A8357C0}.Release|Any CPU.Build.0 = Release|Any CPU
	EndGlobalSection
	GlobalSection(SolutionProperties) = preSolution
		HideSolutionNode = FALSE
	EndGlobalSection
EndGlobal
